
Microsoft Visual Studio Solution File, Format Version 12.00
# Visual Studio Version 17
VisualStudioVersion = 17.10.35013.160
MinimumVisualStudioVersion = 10.0.40219.1
Project("{9A19103F-16F7-4668-BE54-9A1E7A4F7556}") = "240805_01_Basic", "240805Day1\240805_01_Basic.csproj", "{73B275DA-4BEA-4458-824C-6970061731F1}"
EndProject
Project("{9A19103F-16F7-4668-BE54-9A1E7A4F7556}") = "240805_02_AandB", "AandB\240805_02_AandB.csproj", "{1892E346-9F70-436D-B52E-CC5BEC658280}"
EndProject
Project("{2150E333-8FDC-42A3-9474-1A3956D46DE8}") = "Day1_Print", "Day1_Print", "{2A7E9AE6-C611-4045-8A84-492FFBBAA3CD}"
EndProject
Project("{9A19103F-16F7-4668-BE54-9A1E7A4F7556}") = "240805_03_PrintLoopString", "240805_03PrintLoopString\240805_03_PrintLoopString.csproj", "{575DCD90-C480-46CD-B4D7-CCC8FEBF34B8}"
EndProject
Project("{9A19103F-16F7-4668-BE54-9A1E7A4F7556}") = "240805_04_ExchangeUpperAndLowerCase", "240805_04ExchangeUpperAndLowerCase\240805_04_ExchangeUpperAndLowerCase.csproj", "{4A061EB9-A2E8-4CDE-B80E-98BED1B279AE}"
EndProject
Project("{9A19103F-16F7-4668-BE54-9A1E7A4F7556}") = "240805_05_PrintingSpecialCase", "240805_05PrintingSpecialCase\240805_05_PrintingSpecialCase.csproj", "{D5E04E6D-886B-4EC9-BF1C-CD8DD5ED19D4}"
EndProject
Project("{2150E333-8FDC-42A3-9474-1A3956D46DE8}") = "Day2_Print_Compute", "Day2_Print_Compute", "{1F9DDC49-247B-4286-B24F-43AA15AF7D33}"
EndProject
Project("{9A19103F-16F7-4668-BE54-9A1E7A4F7556}") = "240806_01_Addition", "2408066_01_Addition\240806_01_Addition.csproj", "{B92035AF-1F8D-49C3-8898-B0D6DF17E23D}"
EndProject
Project("{9A19103F-16F7-4668-BE54-9A1E7A4F7556}") = "240806_02_PrintingStringsTogether", "240806_02_PrintingStringsTogether\240806_02_PrintingStringsTogether.csproj", "{270A9A4B-226F-46CC-868C-5E9395A4106F}"
EndProject
Project("{9A19103F-16F7-4668-BE54-9A1E7A4F7556}") = "240806_03_RotateString", "240806_03_RotateString\240806_03_RotateString.csproj", "{7EFAD351-B013-493D-8F03-DDB20E08E36A}"
EndProject
Project("{9A19103F-16F7-4668-BE54-9A1E7A4F7556}") = "240806_04_OddOrEven", "240806_04_OddOrEven\240806_04_OddOrEven.csproj", "{7DFA830C-A258-4C7F-84BA-774320BF9005}"
EndProject
Project("{9A19103F-16F7-4668-BE54-9A1E7A4F7556}") = "240806_05_StringOverWrite", "240806_05_StringOverWrite\240806_05_StringOverWrite.csproj", "{D691B60C-4BF7-440D-A3E6-4E9A86B6A14D}"
EndProject
Project("{2150E333-8FDC-42A3-9474-1A3956D46DE8}") = "Day3_Computing", "Day3_Computing", "{8F98A14C-0A65-41A2-BDB3-AAE463C3B643}"
EndProject
Project("{9A19103F-16F7-4668-BE54-9A1E7A4F7556}") = "240807_01_MixStrings", "240807_01_MixStrings\240807_01_MixStrings.csproj", "{AC2D65F9-DE96-4727-880F-C4210FD8CA10}"
EndProject
Project("{9A19103F-16F7-4668-BE54-9A1E7A4F7556}") = "240807_02_StringListToStringArray", "240807_02_StringListToStringArray\240807_02_StringListToStringArray.csproj", "{EA4B40B6-1939-48B2-8741-1048AEA84C19}"
EndProject
Project("{9A19103F-16F7-4668-BE54-9A1E7A4F7556}") = "240807_03_ArrayProduct", "240807_03_ArraySum\240807_03_ArrayProduct.csproj", "{D2B13261-A91A-4423-BBB2-0B4393719872}"
EndProject
Project("{FAE04EC0-301F-11D3-BF4B-00C04F79EFBC}") = "240807_04_BiggerSum", "240807_04_BiggerSum\240807_04_BiggerSum.csproj", "{8330BFDA-9C34-42BC-BA19-A7089D412B99}"
EndProject
Global
	GlobalSection(SolutionConfigurationPlatforms) = preSolution
		Debug|Any CPU = Debug|Any CPU
		Release|Any CPU = Release|Any CPU
	EndGlobalSection
	GlobalSection(ProjectConfigurationPlatforms) = postSolution
		{73B275DA-4BEA-4458-824C-6970061731F1}.Debug|Any CPU.ActiveCfg = Debug|Any CPU
		{73B275DA-4BEA-4458-824C-6970061731F1}.Debug|Any CPU.Build.0 = Debug|Any CPU
		{73B275DA-4BEA-4458-824C-6970061731F1}.Release|Any CPU.ActiveCfg = Release|Any CPU
		{73B275DA-4BEA-4458-824C-6970061731F1}.Release|Any CPU.Build.0 = Release|Any CPU
		{1892E346-9F70-436D-B52E-CC5BEC658280}.Debug|Any CPU.ActiveCfg = Debug|Any CPU
		{1892E346-9F70-436D-B52E-CC5BEC658280}.Debug|Any CPU.Build.0 = Debug|Any CPU
		{1892E346-9F70-436D-B52E-CC5BEC658280}.Release|Any CPU.ActiveCfg = Release|Any CPU
		{1892E346-9F70-436D-B52E-CC5BEC658280}.Release|Any CPU.Build.0 = Release|Any CPU
		{575DCD90-C480-46CD-B4D7-CCC8FEBF34B8}.Debug|Any CPU.ActiveCfg = Debug|Any CPU
		{575DCD90-C480-46CD-B4D7-CCC8FEBF34B8}.Debug|Any CPU.Build.0 = Debug|Any CPU
		{575DCD90-C480-46CD-B4D7-CCC8FEBF34B8}.Release|Any CPU.ActiveCfg = Release|Any CPU
		{575DCD90-C480-46CD-B4D7-CCC8FEBF34B8}.Release|Any CPU.Build.0 = Release|Any CPU
		{4A061EB9-A2E8-4CDE-B80E-98BED1B279AE}.Debug|Any CPU.ActiveCfg = Debug|Any CPU
		{4A061EB9-A2E8-4CDE-B80E-98BED1B279AE}.Debug|Any CPU.Build.0 = Debug|Any CPU
		{4A061EB9-A2E8-4CDE-B80E-98BED1B279AE}.Release|Any CPU.ActiveCfg = Release|Any CPU
		{4A061EB9-A2E8-4CDE-B80E-98BED1B279AE}.Release|Any CPU.Build.0 = Release|Any CPU
		{D5E04E6D-886B-4EC9-BF1C-CD8DD5ED19D4}.Debug|Any CPU.ActiveCfg = Debug|Any CPU
		{D5E04E6D-886B-4EC9-BF1C-CD8DD5ED19D4}.Debug|Any CPU.Build.0 = Debug|Any CPU
		{D5E04E6D-886B-4EC9-BF1C-CD8DD5ED19D4}.Release|Any CPU.ActiveCfg = Release|Any CPU
		{D5E04E6D-886B-4EC9-BF1C-CD8DD5ED19D4}.Release|Any CPU.Build.0 = Release|Any CPU
		{B92035AF-1F8D-49C3-8898-B0D6DF17E23D}.Debug|Any CPU.ActiveCfg = Debug|Any CPU
		{B92035AF-1F8D-49C3-8898-B0D6DF17E23D}.Debug|Any CPU.Build.0 = Debug|Any CPU
		{B92035AF-1F8D-49C3-8898-B0D6DF17E23D}.Release|Any CPU.ActiveCfg = Release|Any CPU
		{B92035AF-1F8D-49C3-8898-B0D6DF17E23D}.Release|Any CPU.Build.0 = Release|Any CPU
		{270A9A4B-226F-46CC-868C-5E9395A4106F}.Debug|Any CPU.ActiveCfg = Debug|Any CPU
		{270A9A4B-226F-46CC-868C-5E9395A4106F}.Debug|Any CPU.Build.0 = Debug|Any CPU
		{270A9A4B-226F-46CC-868C-5E9395A4106F}.Release|Any CPU.ActiveCfg = Release|Any CPU
		{270A9A4B-226F-46CC-868C-5E9395A4106F}.Release|Any CPU.Build.0 = Release|Any CPU
		{7EFAD351-B013-493D-8F03-DDB20E08E36A}.Debug|Any CPU.ActiveCfg = Debug|Any CPU
		{7EFAD351-B013-493D-8F03-DDB20E08E36A}.Debug|Any CPU.Build.0 = Debug|Any CPU
		{7EFAD351-B013-493D-8F03-DDB20E08E36A}.Release|Any CPU.ActiveCfg = Release|Any CPU
		{7EFAD351-B013-493D-8F03-DDB20E08E36A}.Release|Any CPU.Build.0 = Release|Any CPU
		{7DFA830C-A258-4C7F-84BA-774320BF9005}.Debug|Any CPU.ActiveCfg = Debug|Any CPU
		{7DFA830C-A258-4C7F-84BA-774320BF9005}.Debug|Any CPU.Build.0 = Debug|Any CPU
		{7DFA830C-A258-4C7F-84BA-774320BF9005}.Release|Any CPU.ActiveCfg = Release|Any CPU
		{7DFA830C-A258-4C7F-84BA-774320BF9005}.Release|Any CPU.Build.0 = Release|Any CPU
		{D691B60C-4BF7-440D-A3E6-4E9A86B6A14D}.Debug|Any CPU.ActiveCfg = Debug|Any CPU
		{D691B60C-4BF7-440D-A3E6-4E9A86B6A14D}.Debug|Any CPU.Build.0 = Debug|Any CPU
		{D691B60C-4BF7-440D-A3E6-4E9A86B6A14D}.Release|Any CPU.ActiveCfg = Release|Any CPU
		{D691B60C-4BF7-440D-A3E6-4E9A86B6A14D}.Release|Any CPU.Build.0 = Release|Any CPU
		{AC2D65F9-DE96-4727-880F-C4210FD8CA10}.Debug|Any CPU.ActiveCfg = Debug|Any CPU
		{AC2D65F9-DE96-4727-880F-C4210FD8CA10}.Debug|Any CPU.Build.0 = Debug|Any CPU
		{AC2D65F9-DE96-4727-880F-C4210FD8CA10}.Release|Any CPU.ActiveCfg = Release|Any CPU
		{AC2D65F9-DE96-4727-880F-C4210FD8CA10}.Release|Any CPU.Build.0 = Release|Any CPU
		{EA4B40B6-1939-48B2-8741-1048AEA84C19}.Debug|Any CPU.ActiveCfg = Debug|Any CPU
		{EA4B40B6-1939-48B2-8741-1048AEA84C19}.Debug|Any CPU.Build.0 = Debug|Any CPU
		{EA4B40B6-1939-48B2-8741-1048AEA84C19}.Release|Any CPU.ActiveCfg = Release|Any CPU
		{EA4B40B6-1939-48B2-8741-1048AEA84C19}.Release|Any CPU.Build.0 = Release|Any CPU
		{D2B13261-A91A-4423-BBB2-0B4393719872}.Debug|Any CPU.ActiveCfg = Debug|Any CPU
		{D2B13261-A91A-4423-BBB2-0B4393719872}.Debug|Any CPU.Build.0 = Debug|Any CPU
		{D2B13261-A91A-4423-BBB2-0B4393719872}.Release|Any CPU.ActiveCfg = Release|Any CPU
		{D2B13261-A91A-4423-BBB2-0B4393719872}.Release|Any CPU.Build.0 = Release|Any CPU
		{8330BFDA-9C34-42BC-BA19-A7089D412B99}.Debug|Any CPU.ActiveCfg = Debug|Any CPU
		{8330BFDA-9C34-42BC-BA19-A7089D412B99}.Debug|Any CPU.Build.0 = Debug|Any CPU
		{8330BFDA-9C34-42BC-BA19-A7089D412B99}.Release|Any CPU.ActiveCfg = Release|Any CPU
		{8330BFDA-9C34-42BC-BA19-A7089D412B99}.Release|Any CPU.Build.0 = Release|Any CPU
	EndGlobalSection
	GlobalSection(SolutionProperties) = preSolution
		HideSolutionNode = FALSE
	EndGlobalSection
	GlobalSection(NestedProjects) = preSolution
		{73B275DA-4BEA-4458-824C-6970061731F1} = {2A7E9AE6-C611-4045-8A84-492FFBBAA3CD}
		{1892E346-9F70-436D-B52E-CC5BEC658280} = {2A7E9AE6-C611-4045-8A84-492FFBBAA3CD}
		{575DCD90-C480-46CD-B4D7-CCC8FEBF34B8} = {2A7E9AE6-C611-4045-8A84-492FFBBAA3CD}
		{4A061EB9-A2E8-4CDE-B80E-98BED1B279AE} = {2A7E9AE6-C611-4045-8A84-492FFBBAA3CD}
		{D5E04E6D-886B-4EC9-BF1C-CD8DD5ED19D4} = {2A7E9AE6-C611-4045-8A84-492FFBBAA3CD}
		{B92035AF-1F8D-49C3-8898-B0D6DF17E23D} = {1F9DDC49-247B-4286-B24F-43AA15AF7D33}
		{270A9A4B-226F-46CC-868C-5E9395A4106F} = {1F9DDC49-247B-4286-B24F-43AA15AF7D33}
		{7EFAD351-B013-493D-8F03-DDB20E08E36A} = {1F9DDC49-247B-4286-B24F-43AA15AF7D33}
		{7DFA830C-A258-4C7F-84BA-774320BF9005} = {1F9DDC49-247B-4286-B24F-43AA15AF7D33}
		{D691B60C-4BF7-440D-A3E6-4E9A86B6A14D} = {1F9DDC49-247B-4286-B24F-43AA15AF7D33}
		{AC2D65F9-DE96-4727-880F-C4210FD8CA10} = {8F98A14C-0A65-41A2-BDB3-AAE463C3B643}
		{EA4B40B6-1939-48B2-8741-1048AEA84C19} = {8F98A14C-0A65-41A2-BDB3-AAE463C3B643}
		{D2B13261-A91A-4423-BBB2-0B4393719872} = {8F98A14C-0A65-41A2-BDB3-AAE463C3B643}
		{8330BFDA-9C34-42BC-BA19-A7089D412B99} = {8F98A14C-0A65-41A2-BDB3-AAE463C3B643}
	EndGlobalSection
	GlobalSection(ExtensibilityGlobals) = postSolution
		SolutionGuid = {A67226A4-92F1-43A7-A5AC-CCD20B730E9C}
	EndGlobalSection
EndGlobal
