
Microsoft Visual Studio Solution File, Format Version 12.00
# Visual Studio Version 17
VisualStudioVersion = 17.10.35013.160
MinimumVisualStudioVersion = 10.0.40219.1
Project("{FAE04EC0-301F-11D3-BF4B-00C04F79EFBC}") = "240805_01_Basic", "240805Day1\240805_01_Basic.csproj", "{73B275DA-4BEA-4458-824C-6970061731F1}"
EndProject
Project("{FAE04EC0-301F-11D3-BF4B-00C04F79EFBC}") = "240805_02_AandB", "AandB\240805_02_AandB.csproj", "{1892E346-9F70-436D-B52E-CC5BEC658280}"
EndProject
Project("{2150E333-8FDC-42A3-9474-1A3956D46DE8}") = "Day1Print", "Day1Print", "{2A7E9AE6-C611-4045-8A84-492FFBBAA3CD}"
EndProject
Project("{FAE04EC0-301F-11D3-BF4B-00C04F79EFBC}") = "240805_03_PrintLoopString", "240805_03PrintLoopString\240805_03_PrintLoopString.csproj", "{575DCD90-C480-46CD-B4D7-CCC8FEBF34B8}"
EndProject
Project("{FAE04EC0-301F-11D3-BF4B-00C04F79EFBC}") = "240805_04_ExchangeUpperAndLowerCase", "240805_04ExchangeUpperAndLowerCase\240805_04_ExchangeUpperAndLowerCase.csproj", "{4A061EB9-A2E8-4CDE-B80E-98BED1B279AE}"
EndProject
Project("{FAE04EC0-301F-11D3-BF4B-00C04F79EFBC}") = "240805_05_PrintingSpecialCase", "240805_05PrintingSpecialCase\240805_05_PrintingSpecialCase.csproj", "{D5E04E6D-886B-4EC9-BF1C-CD8DD5ED19D4}"
EndProject
Global
	GlobalSection(SolutionConfigurationPlatforms) = preSolution
		Debug|Any CPU = Debug|Any CPU
		Release|Any CPU = Release|Any CPU
	EndGlobalSection
	GlobalSection(ProjectConfigurationPlatforms) = postSolution
		{73B275DA-4BEA-4458-824C-6970061731F1}.Debug|Any CPU.ActiveCfg = Debug|Any CPU
		{73B275DA-4BEA-4458-824C-6970061731F1}.Debug|Any CPU.Build.0 = Debug|Any CPU
		{73B275DA-4BEA-4458-824C-6970061731F1}.Release|Any CPU.ActiveCfg = Release|Any CPU
		{73B275DA-4BEA-4458-824C-6970061731F1}.Release|Any CPU.Build.0 = Release|Any CPU
		{1892E346-9F70-436D-B52E-CC5BEC658280}.Debug|Any CPU.ActiveCfg = Debug|Any CPU
		{1892E346-9F70-436D-B52E-CC5BEC658280}.Debug|Any CPU.Build.0 = Debug|Any CPU
		{1892E346-9F70-436D-B52E-CC5BEC658280}.Release|Any CPU.ActiveCfg = Release|Any CPU
		{1892E346-9F70-436D-B52E-CC5BEC658280}.Release|Any CPU.Build.0 = Release|Any CPU
		{575DCD90-C480-46CD-B4D7-CCC8FEBF34B8}.Debug|Any CPU.ActiveCfg = Debug|Any CPU
		{575DCD90-C480-46CD-B4D7-CCC8FEBF34B8}.Debug|Any CPU.Build.0 = Debug|Any CPU
		{575DCD90-C480-46CD-B4D7-CCC8FEBF34B8}.Release|Any CPU.ActiveCfg = Release|Any CPU
		{575DCD90-C480-46CD-B4D7-CCC8FEBF34B8}.Release|Any CPU.Build.0 = Release|Any CPU
		{4A061EB9-A2E8-4CDE-B80E-98BED1B279AE}.Debug|Any CPU.ActiveCfg = Debug|Any CPU
		{4A061EB9-A2E8-4CDE-B80E-98BED1B279AE}.Debug|Any CPU.Build.0 = Debug|Any CPU
		{4A061EB9-A2E8-4CDE-B80E-98BED1B279AE}.Release|Any CPU.ActiveCfg = Release|Any CPU
		{4A061EB9-A2E8-4CDE-B80E-98BED1B279AE}.Release|Any CPU.Build.0 = Release|Any CPU
		{D5E04E6D-886B-4EC9-BF1C-CD8DD5ED19D4}.Debug|Any CPU.ActiveCfg = Debug|Any CPU
		{D5E04E6D-886B-4EC9-BF1C-CD8DD5ED19D4}.Debug|Any CPU.Build.0 = Debug|Any CPU
		{D5E04E6D-886B-4EC9-BF1C-CD8DD5ED19D4}.Release|Any CPU.ActiveCfg = Release|Any CPU
		{D5E04E6D-886B-4EC9-BF1C-CD8DD5ED19D4}.Release|Any CPU.Build.0 = Release|Any CPU
	EndGlobalSection
	GlobalSection(SolutionProperties) = preSolution
		HideSolutionNode = FALSE
	EndGlobalSection
	GlobalSection(NestedProjects) = preSolution
		{73B275DA-4BEA-4458-824C-6970061731F1} = {2A7E9AE6-C611-4045-8A84-492FFBBAA3CD}
		{1892E346-9F70-436D-B52E-CC5BEC658280} = {2A7E9AE6-C611-4045-8A84-492FFBBAA3CD}
		{575DCD90-C480-46CD-B4D7-CCC8FEBF34B8} = {2A7E9AE6-C611-4045-8A84-492FFBBAA3CD}
		{4A061EB9-A2E8-4CDE-B80E-98BED1B279AE} = {2A7E9AE6-C611-4045-8A84-492FFBBAA3CD}
		{D5E04E6D-886B-4EC9-BF1C-CD8DD5ED19D4} = {2A7E9AE6-C611-4045-8A84-492FFBBAA3CD}
	EndGlobalSection
	GlobalSection(ExtensibilityGlobals) = postSolution
		SolutionGuid = {A67226A4-92F1-43A7-A5AC-CCD20B730E9C}
	EndGlobalSection
EndGlobal
